
Microsoft Visual Studio Solution File, Format Version 11.00
# Visual Studio 2010
Project("{FAE04EC0-301F-11D3-BF4B-00C04F79EFBC}") = "Assembly-CSharp", "Assembly-CSharp.csproj", "{e9104efa-7a12-ffc3-4cdc-562bb9123611}"
EndProject
Project("{FAE04EC0-301F-11D3-BF4B-00C04F79EFBC}") = "Assembly-CSharp-Editor", "Assembly-CSharp-Editor.csproj", "{99a0631b-d4ac-82c8-8217-3f06b8652e74}"
EndProject
Global
	GlobalSection(SolutionConfigurationPlatforms) = preSolution
		Debug|Any CPU = Debug|Any CPU
	EndGlobalSection
	GlobalSection(ProjectConfigurationPlatforms) = postSolution
		{e9104efa-7a12-ffc3-4cdc-562bb9123611}.Debug|Any CPU.ActiveCfg = Debug|Any CPU
		{e9104efa-7a12-ffc3-4cdc-562bb9123611}.Debug|Any CPU.Build.0 = Debug|Any CPU
		{99a0631b-d4ac-82c8-8217-3f06b8652e74}.Debug|Any CPU.ActiveCfg = Debug|Any CPU
		{99a0631b-d4ac-82c8-8217-3f06b8652e74}.Debug|Any CPU.Build.0 = Debug|Any CPU
	EndGlobalSection
	GlobalSection(SolutionProperties) = preSolution
		HideSolutionNode = FALSE
	EndGlobalSection
EndGlobal
