
Microsoft Visual Studio Solution File, Format Version 11.00
# Visual Studio 2010
Project("{FAE04EC0-301F-11D3-BF4B-00C04F79EFBC}") = "Assembly-CSharp", "Assembly-CSharp.csproj", "{15331213-0B83-841F-6989-2CCEC3371ED6}"
EndProject
Project("{FAE04EC0-301F-11D3-BF4B-00C04F79EFBC}") = "Assembly-CSharp-Editor", "Assembly-CSharp-Editor.csproj", "{B8A7DA24-404D-0F86-33EC-FD56B8C5593F}"
EndProject
Global
	GlobalSection(SolutionConfigurationPlatforms) = preSolution
		Debug|Any CPU = Debug|Any CPU
		Release|Any CPU = Release|Any CPU
	EndGlobalSection
	GlobalSection(ProjectConfigurationPlatforms) = postSolution
		{15331213-0B83-841F-6989-2CCEC3371ED6}.Debug|Any CPU.ActiveCfg = Debug|Any CPU
		{15331213-0B83-841F-6989-2CCEC3371ED6}.Debug|Any CPU.Build.0 = Debug|Any CPU
		{15331213-0B83-841F-6989-2CCEC3371ED6}.Release|Any CPU.ActiveCfg = Release|Any CPU
		{15331213-0B83-841F-6989-2CCEC3371ED6}.Release|Any CPU.Build.0 = Release|Any CPU
		{B8A7DA24-404D-0F86-33EC-FD56B8C5593F}.Debug|Any CPU.ActiveCfg = Debug|Any CPU
		{B8A7DA24-404D-0F86-33EC-FD56B8C5593F}.Debug|Any CPU.Build.0 = Debug|Any CPU
		{B8A7DA24-404D-0F86-33EC-FD56B8C5593F}.Release|Any CPU.ActiveCfg = Release|Any CPU
		{B8A7DA24-404D-0F86-33EC-FD56B8C5593F}.Release|Any CPU.Build.0 = Release|Any CPU
	EndGlobalSection
	GlobalSection(SolutionProperties) = preSolution
		HideSolutionNode = FALSE
	EndGlobalSection
EndGlobal
